
Microsoft Visual Studio Solution File, Format Version 12.00
# Visual Studio Version 17
VisualStudioVersion = 17.13.35828.75 d17.13
MinimumVisualStudioVersion = 10.0.40219.1
Project("{FAE04EC0-301F-11D3-BF4B-00C04F79EFBC}") = "WebApplication1", "WebApplication1\WebApplication1.csproj", "{2F64176A-9F5A-4065-BE94-BE4F05941D2D}"
EndProject
Global
	GlobalSection(SolutionConfigurationPlatforms) = preSolution
		Debug|Any CPU = Debug|Any CPU
		Release|Any CPU = Release|Any CPU
	EndGlobalSection
	GlobalSection(ProjectConfigurationPlatforms) = postSolution
		{2F64176A-9F5A-4065-BE94-BE4F05941D2D}.Debug|Any CPU.ActiveCfg = Debug|Any CPU
		{2F64176A-9F5A-4065-BE94-BE4F05941D2D}.Debug|Any CPU.Build.0 = Debug|Any CPU
		{2F64176A-9F5A-4065-BE94-BE4F05941D2D}.Release|Any CPU.ActiveCfg = Release|Any CPU
		{2F64176A-9F5A-4065-BE94-BE4F05941D2D}.Release|Any CPU.Build.0 = Release|Any CPU
	EndGlobalSection
	GlobalSection(SolutionProperties) = preSolution
		HideSolutionNode = FALSE
	EndGlobalSection
	GlobalSection(ExtensibilityGlobals) = postSolution
		SolutionGuid = {6F11D492-8F7B-4066-8C22-455A98D57189}
	EndGlobalSection
EndGlobal
