
Microsoft Visual Studio Solution File, Format Version 12.00
# Visual Studio Version 17
VisualStudioVersion = 17.10.35013.160
MinimumVisualStudioVersion = 10.0.40219.1
Project("{FAE04EC0-301F-11D3-BF4B-00C04F79EFBC}") = "AvaloniaApplication4", "AvaloniaApplication4\AvaloniaApplication4.csproj", "{004BF6B4-A951-4C2C-A944-9C37BD7C8882}"
EndProject
Global
	GlobalSection(SolutionConfigurationPlatforms) = preSolution
		Debug|Any CPU = Debug|Any CPU
		Release|Any CPU = Release|Any CPU
	EndGlobalSection
	GlobalSection(ProjectConfigurationPlatforms) = postSolution
		{004BF6B4-A951-4C2C-A944-9C37BD7C8882}.Debug|Any CPU.ActiveCfg = Debug|Any CPU
		{004BF6B4-A951-4C2C-A944-9C37BD7C8882}.Debug|Any CPU.Build.0 = Debug|Any CPU
		{004BF6B4-A951-4C2C-A944-9C37BD7C8882}.Release|Any CPU.ActiveCfg = Release|Any CPU
		{004BF6B4-A951-4C2C-A944-9C37BD7C8882}.Release|Any CPU.Build.0 = Release|Any CPU
	EndGlobalSection
	GlobalSection(SolutionProperties) = preSolution
		HideSolutionNode = FALSE
	EndGlobalSection
	GlobalSection(ExtensibilityGlobals) = postSolution
		SolutionGuid = {6E5D53D5-2871-4E42-ACB3-0D9C22A8C93D}
	EndGlobalSection
EndGlobal
